
Microsoft Visual Studio Solution File, Format Version 12.00
# Visual Studio Version 17
VisualStudioVersion = 17.9.34622.214
MinimumVisualStudioVersion = 10.0.40219.1
Project("{FAE04EC0-301F-11D3-BF4B-00C04F79EFBC}") = "OgrenciNotKayit", "OgrenciNotKayit\OgrenciNotKayit.csproj", "{CB334FE9-C5E2-4D63-87C2-F8B19944DB4D}"
EndProject
Global
	GlobalSection(SolutionConfigurationPlatforms) = preSolution
		Debug|Any CPU = Debug|Any CPU
		Release|Any CPU = Release|Any CPU
	EndGlobalSection
	GlobalSection(ProjectConfigurationPlatforms) = postSolution
		{CB334FE9-C5E2-4D63-87C2-F8B19944DB4D}.Debug|Any CPU.ActiveCfg = Debug|Any CPU
		{CB334FE9-C5E2-4D63-87C2-F8B19944DB4D}.Debug|Any CPU.Build.0 = Debug|Any CPU
		{CB334FE9-C5E2-4D63-87C2-F8B19944DB4D}.Release|Any CPU.ActiveCfg = Release|Any CPU
		{CB334FE9-C5E2-4D63-87C2-F8B19944DB4D}.Release|Any CPU.Build.0 = Release|Any CPU
	EndGlobalSection
	GlobalSection(SolutionProperties) = preSolution
		HideSolutionNode = FALSE
	EndGlobalSection
	GlobalSection(ExtensibilityGlobals) = postSolution
		SolutionGuid = {F60C54D9-E955-4EB4-9237-0B8B56EF066C}
	EndGlobalSection
EndGlobal
